apt:iproute2=6.15.0-1
apt:iptables=1.8.11-2
apt:nftables=1.1.3-1
apt:procps=2:4.0.4-9
apt:wireguard-tools=1.0.20210914-3
image:debian:trixie-slim=sha256:a99cfc517144bc59b1978475ec53b46ecabec7e43635402ee5b77cc54cd1b20a
image:gcr.io/distroless/base-debian13:latest=sha256:0ebad3510af52aefe45045cc01b07564570be4feecf8d9f93d3a05d1b5f2f93b
image:golang:1.27-trixie=sha256:a4d1d139d0b0e7313de2fbe7cf4e27e3b934c164c5c58b33af44af2e9ba2fc4f
nordvpn=5.4.0
